# This file is automatically @generated by Cargo.
# It is not intended for manual editing.
version = 4

[[package]]
name = "anyhow"
version = "1.0.102"
source = "registry+https://github.com/rust-lang/crates.io-index"
checksum = "7f202df86484c868dbad7eaa557ef785d5c66295e41b460ef922eca0723b842c"

[[package]]
name = "backend"
version = "0.1.0"
dependencies = [
 "common",
 "fxhash",
 "ir",
 "la-arena",
 "op",
 "thin-vec",
]

[[package]]
name = "bit-set"
version = "0.8.0"
source = "registry+https://github.com/rust-lang/crates.io-index"
checksum = "08807e080ed7f9d5433fa9b275196cfc35414f66a0c79d864dc51a0d825231a3"
dependencies = [
 "bit-vec",
]

[[package]]
name = "bit-vec"
version = "0.8.0"
source = "registry+https://github.com/rust-lang/crates.io-index"
checksum = "5e764a1d40d510daf35e07be9eb06e75770908c27d411ee6c92109c9840eaaf7"

[[package]]
name = "byteorder"
version = "1.5.0"
source = "registry+https://github.com/rust-lang/crates.io-index"
checksum = "1fd0f2584146f6f2ef48085050886acf353beff7305ebd1ae69500e27c67f64b"

[[package]]
name = "common"
version = "0.1.0"
dependencies = [
 "la-arena",
]

[[package]]
name = "dsl"
version = "0.1.0"
dependencies = [
 "bit-set",
 "common",
 "enum-iterator",
 "fxhash",
 "ir",
 "la-arena",
 "op",
 "parameterized_test",
 "passes",
 "thin-vec",
]

[[package]]
name = "enum-iterator"
version = "2.3.0"
source = "registry+https://github.com/rust-lang/crates.io-index"
checksum = "a4549325971814bda7a44061bf3fe7e487d447cba01e4220a4b454d630d7a016"
dependencies = [
 "enum-iterator-derive",
]

[[package]]
name = "enum-iterator-derive"
version = "1.5.0"
source = "registry+https://github.com/rust-lang/crates.io-index"
checksum = "685adfa4d6f3d765a26bc5dbc936577de9abf756c1feeb3089b01dd395034842"
dependencies = [
 "proc-macro2",
 "quote",
 "syn",
]

[[package]]
name = "fxhash"
version = "0.2.1"
source = "registry+https://github.com/rust-lang/crates.io-index"
checksum = "c31b6d751ae2c7f11320402d34e41349dd1016f8d5d45e48c4312bc8625af50c"
dependencies = [
 "byteorder",
]

[[package]]
name = "ir"
version = "0.1.0"
dependencies = [
 "bit-set",
 "fxhash",
 "la-arena",
 "op",
 "parameterized_test",
 "thin-vec",
]

[[package]]
name = "la-arena"
version = "0.3.1"
source = "registry+https://github.com/rust-lang/crates.io-index"
checksum = "3752f229dcc5a481d60f385fa479ff46818033d881d2d801aa27dffcfb5e8306"

[[package]]
name = "op"
version = "0.1.0"

[[package]]
name = "parameterized_test"
version = "0.2.1"
source = "registry+https://github.com/rust-lang/crates.io-index"
checksum = "718554e60527e39d1cad6aefd50ec410927e57b5b5ecefc21c4b1556e496333f"
dependencies = [
 "anyhow",
]

[[package]]
name = "passes"
version = "0.1.0"
dependencies = [
 "common",
 "fxhash",
 "ir",
 "la-arena",
 "op",
 "parameterized_test",
 "prio-queue",
 "thin-vec",
]

[[package]]
name = "prio-queue"
version = "0.1.1"
source = "registry+https://github.com/rust-lang/crates.io-index"
checksum = "2f480f7b402173a7e7e1637c6709deb6e41e93ce17d2daad7d70ccea5b5d8985"

[[package]]
name = "proc-macro2"
version = "1.0.106"
source = "registry+https://github.com/rust-lang/crates.io-index"
checksum = "8fd00f0bb2e90d81d1044c2b32617f68fcb9fa3bb7640c23e9c748e53fb30934"
dependencies = [
 "unicode-ident",
]

[[package]]
name = "quote"
version = "1.0.44"
source = "registry+https://github.com/rust-lang/crates.io-index"
checksum = "21b2ebcf727b7760c461f091f9f0f539b77b8e87f2fd88131e7f1b433b3cece4"
dependencies = [
 "proc-macro2",
]

[[package]]
name = "syn"
version = "2.0.117"
source = "registry+https://github.com/rust-lang/crates.io-index"
checksum = "e665b8803e7b1d2a727f4023456bbbbe74da67099c585258af0ad9c5013b9b99"
dependencies = [
 "proc-macro2",
 "quote",
 "unicode-ident",
]

[[package]]
name = "thin-vec"
version = "0.2.14"
source = "registry+https://github.com/rust-lang/crates.io-index"
checksum = "144f754d318415ac792f9d69fc87abbbfc043ce2ef041c60f16ad828f638717d"

[[package]]
name = "unicode-ident"
version = "1.0.24"
source = "registry+https://github.com/rust-lang/crates.io-index"
checksum = "e6e4313cd5fcd3dad5cafa179702e2b244f760991f45397d14d4ebf38247da75"
