# This file is automatically @generated by Cargo.
# It is not intended for manual editing.
version = 4

[[package]]
name = "anyhow"
version = "1.0.102"
source = "registry+https://github.com/rust-lang/crates.io-index"
checksum = "7f202df86484c868dbad7eaa557ef785d5c66295e41b460ef922eca0723b842c"

[[package]]
name = "dsl"
version = "0.1.0"
dependencies = [
 "la-arena",
 "parameterized_test",
]

[[package]]
name = "la-arena"
version = "0.3.1"
source = "registry+https://github.com/rust-lang/crates.io-index"
checksum = "3752f229dcc5a481d60f385fa479ff46818033d881d2d801aa27dffcfb5e8306"

[[package]]
name = "parameterized_test"
version = "0.2.1"
source = "registry+https://github.com/rust-lang/crates.io-index"
checksum = "718554e60527e39d1cad6aefd50ec410927e57b5b5ecefc21c4b1556e496333f"
dependencies = [
 "anyhow",
]
